{
	"name": "@lerna-implement/create",
	"version": "0.0.2",
	"lockfileVersion": 2,
	"requires": true,
	"packages": {
		"": {
			"name": "@lerna-implement/create",
			"version": "0.0.2",
			"license": "ISC",
			"dependencies": {
				"dedent": "^0.7.0",
				"init-package-json": "^2.0.4",
				"pify": "^5.0.0"
			}
		},
		"node_modules/balanced-match": {
			"version": "1.0.2",
			"resolved": "https://registry.npm.taobao.org/balanced-match/download/balanced-match-1.0.2.tgz",
			"integrity": "sha1-6D46fj8wCzTLnYf2FfoMvzV2kO4="
		},
		"node_modules/brace-expansion": {
			"version": "1.1.11",
			"resolved": "https://registry.nlark.com/brace-expansion/download/brace-expansion-1.1.11.tgz",
			"integrity": "sha1-PH/L9SnYcibz0vUrlm/1Jx60Qd0=",
			"dependencies": {
				"balanced-match": "^1.0.0",
				"concat-map": "0.0.1"
			}
		},
		"node_modules/builtins": {
			"version": "1.0.3",
			"resolved": "https://registry.nlark.com/builtins/download/builtins-1.0.3.tgz",
			"integrity": "sha1-y5T662HIaWRR2zZTThQi+U8K7og="
		},
		"node_modules/concat-map": {
			"version": "0.0.1",
			"resolved": "https://registry.nlark.com/concat-map/download/concat-map-0.0.1.tgz",
			"integrity": "sha1-2Klr13/Wjfd5OnMDajug1UBdR3s="
		},
		"node_modules/dedent": {
			"version": "0.7.0",
			"resolved": "https://registry.npm.taobao.org/dedent/download/dedent-0.7.0.tgz",
			"integrity": "sha1-JJXduvbrh0q7Dhvp3yLS5aVEMmw="
		},
		"node_modules/fs.realpath": {
			"version": "1.0.0",
			"resolved": "https://registry.nlark.com/fs.realpath/download/fs.realpath-1.0.0.tgz",
			"integrity": "sha1-FQStJSMVjKpA20onh8sBQRmU6k8="
		},
		"node_modules/function-bind": {
			"version": "1.1.1",
			"resolved": "https://registry.npm.taobao.org/function-bind/download/function-bind-1.1.1.tgz",
			"integrity": "sha1-pWiZ0+o8m6uHS7l3O3xe3pL0iV0="
		},
		"node_modules/glob": {
			"version": "7.1.7",
			"resolved": "https://registry.nlark.com/glob/download/glob-7.1.7.tgz?cache=0&other_urls=https%3A%2F%2Fregistry.nlark.com%2Fglob%2Fdownload%2Fglob-7.1.7.tgz",
			"integrity": "sha1-Oxk+kjPwHULQs/eClLvutBj5SpA=",
			"dependencies": {
				"fs.realpath": "^1.0.0",
				"inflight": "^1.0.4",
				"inherits": "2",
				"minimatch": "^3.0.4",
				"once": "^1.3.0",
				"path-is-absolute": "^1.0.0"
			},
			"engines": {
				"node": "*"
			}
		},
		"node_modules/has": {
			"version": "1.0.3",
			"resolved": "https://registry.nlark.com/has/download/has-1.0.3.tgz",
			"integrity": "sha1-ci18v8H2qoJB8W3YFOAR4fQeh5Y=",
			"dependencies": {
				"function-bind": "^1.1.1"
			},
			"engines": {
				"node": ">= 0.4.0"
			}
		},
		"node_modules/hosted-git-info": {
			"version": "4.0.2",
			"resolved": "https://registry.nlark.com/hosted-git-info/download/hosted-git-info-4.0.2.tgz",
			"integrity": "sha1-XkJVB+7eT+qEa3Ji8IOEVsQgmWE=",
			"dependencies": {
				"lru-cache": "^6.0.0"
			},
			"engines": {
				"node": ">=10"
			}
		},
		"node_modules/inflight": {
			"version": "1.0.6",
			"resolved": "https://registry.npm.taobao.org/inflight/download/inflight-1.0.6.tgz",
			"integrity": "sha1-Sb1jMdfQLQwJvJEKEHW6gWW1bfk=",
			"dependencies": {
				"once": "^1.3.0",
				"wrappy": "1"
			}
		},
		"node_modules/inherits": {
			"version": "2.0.4",
			"resolved": "https://registry.nlark.com/inherits/download/inherits-2.0.4.tgz",
			"integrity": "sha1-D6LGT5MpF8NDOg3tVTY6rjdBa3w="
		},
		"node_modules/init-package-json": {
			"version": "2.0.4",
			"resolved": "https://registry.nlark.com/init-package-json/download/init-package-json-2.0.4.tgz?cache=0&other_urls=https%3A%2F%2Fregistry.nlark.com%2Finit-package-json%2Fdownload%2Finit-package-json-2.0.4.tgz",
			"integrity": "sha1-n59mzVk05tX2RRUOFQE9OE0LkNI=",
			"dependencies": {
				"glob": "^7.1.1",
				"npm-package-arg": "^8.1.2",
				"promzard": "^0.3.0",
				"read": "~1.0.1",
				"read-package-json": "^4.0.0",
				"semver": "^7.3.5",
				"validate-npm-package-license": "^3.0.4",
				"validate-npm-package-name": "^3.0.0"
			},
			"engines": {
				"node": ">=10"
			}
		},
		"node_modules/is-core-module": {
			"version": "2.6.0",
			"resolved": "https://registry.nlark.com/is-core-module/download/is-core-module-2.6.0.tgz?cache=0&sync_timestamp=1629224656971&other_urls=https%3A%2F%2Fregistry.nlark.com%2Fis-core-module%2Fdownload%2Fis-core-module-2.6.0.tgz",
			"integrity": "sha1-11U7JSb+Wbkro+QMjfdX7Ipwnhk=",
			"dependencies": {
				"has": "^1.0.3"
			}
		},
		"node_modules/json-parse-even-better-errors": {
			"version": "2.3.1",
			"resolved": "https://registry.nlark.com/json-parse-even-better-errors/download/json-parse-even-better-errors-2.3.1.tgz",
			"integrity": "sha1-fEeAWpQxmSjgV3dAXcEuH3pO4C0="
		},
		"node_modules/lru-cache": {
			"version": "6.0.0",
			"resolved": "https://registry.nlark.com/lru-cache/download/lru-cache-6.0.0.tgz",
			"integrity": "sha1-bW/mVw69lqr5D8rR2vo7JWbbOpQ=",
			"dependencies": {
				"yallist": "^4.0.0"
			},
			"engines": {
				"node": ">=10"
			}
		},
		"node_modules/minimatch": {
			"version": "3.0.4",
			"resolved": "https://registry.nlark.com/minimatch/download/minimatch-3.0.4.tgz",
			"integrity": "sha1-UWbihkV/AzBgZL5Ul+jbsMPTIIM=",
			"dependencies": {
				"brace-expansion": "^1.1.7"
			},
			"engines": {
				"node": "*"
			}
		},
		"node_modules/mute-stream": {
			"version": "0.0.8",
			"resolved": "https://registry.nlark.com/mute-stream/download/mute-stream-0.0.8.tgz",
			"integrity": "sha1-FjDEKyJR/4HiooPelqVJfqkuXg0="
		},
		"node_modules/normalize-package-data": {
			"version": "3.0.3",
			"resolved": "https://registry.nlark.com/normalize-package-data/download/normalize-package-data-3.0.3.tgz?cache=0&sync_timestamp=1629301872905&other_urls=https%3A%2F%2Fregistry.nlark.com%2Fnormalize-package-data%2Fdownload%2Fnormalize-package-data-3.0.3.tgz",
			"integrity": "sha1-28w+LaWVCaCYNCKITNFy7v36Ul4=",
			"dependencies": {
				"hosted-git-info": "^4.0.1",
				"is-core-module": "^2.5.0",
				"semver": "^7.3.4",
				"validate-npm-package-license": "^3.0.1"
			},
			"engines": {
				"node": ">=10"
			}
		},
		"node_modules/npm-normalize-package-bin": {
			"version": "1.0.1",
			"resolved": "https://registry.nlark.com/npm-normalize-package-bin/download/npm-normalize-package-bin-1.0.1.tgz",
			"integrity": "sha1-bnmkHyP9I1wGIyGCKNp9nCO49uI="
		},
		"node_modules/npm-package-arg": {
			"version": "8.1.5",
			"resolved": "https://registry.nlark.com/npm-package-arg/download/npm-package-arg-8.1.5.tgz?cache=0&sync_timestamp=1623784505093&other_urls=https%3A%2F%2Fregistry.nlark.com%2Fnpm-package-arg%2Fdownload%2Fnpm-package-arg-8.1.5.tgz",
			"integrity": "sha1-M2my1f6P3GdLqn8XhlFN3BVGbkQ=",
			"dependencies": {
				"hosted-git-info": "^4.0.1",
				"semver": "^7.3.4",
				"validate-npm-package-name": "^3.0.0"
			},
			"engines": {
				"node": ">=10"
			}
		},
		"node_modules/once": {
			"version": "1.4.0",
			"resolved": "https://registry.nlark.com/once/download/once-1.4.0.tgz",
			"integrity": "sha1-WDsap3WWHUsROsF9nFC6753Xa9E=",
			"dependencies": {
				"wrappy": "1"
			}
		},
		"node_modules/path-is-absolute": {
			"version": "1.0.1",
			"resolved": "https://registry.npm.taobao.org/path-is-absolute/download/path-is-absolute-1.0.1.tgz",
			"integrity": "sha1-F0uSaHNVNP+8es5r9TpanhtcX18=",
			"engines": {
				"node": ">=0.10.0"
			}
		},
		"node_modules/pify": {
			"version": "5.0.0",
			"resolved": "https://registry.npm.taobao.org/pify/download/pify-5.0.0.tgz",
			"integrity": "sha1-H17KP16H6+wozG1UoOSq8ArMEn8=",
			"engines": {
				"node": ">=10"
			}
		},
		"node_modules/promzard": {
			"version": "0.3.0",
			"resolved": "https://registry.npm.taobao.org/promzard/download/promzard-0.3.0.tgz",
			"integrity": "sha1-JqXW7ox97kyxIggwWs+5O6OCqe4=",
			"dependencies": {
				"read": "1"
			}
		},
		"node_modules/read": {
			"version": "1.0.7",
			"resolved": "https://registry.npm.taobao.org/read/download/read-1.0.7.tgz",
			"integrity": "sha1-s9oZvQUkMal2cdRKQmNK33ELQMQ=",
			"dependencies": {
				"mute-stream": "~0.0.4"
			},
			"engines": {
				"node": ">=0.8"
			}
		},
		"node_modules/read-package-json": {
			"version": "4.0.1",
			"resolved": "https://registry.nlark.com/read-package-json/download/read-package-json-4.0.1.tgz?cache=0&sync_timestamp=1629985647356&other_urls=https%3A%2F%2Fregistry.nlark.com%2Fread-package-json%2Fdownload%2Fread-package-json-4.0.1.tgz",
			"integrity": "sha1-2oijjEEDRP7LfYQNNfJ2NehI6lQ=",
			"dependencies": {
				"glob": "^7.1.1",
				"json-parse-even-better-errors": "^2.3.0",
				"normalize-package-data": "^3.0.0",
				"npm-normalize-package-bin": "^1.0.0"
			},
			"engines": {
				"node": ">=10"
			}
		},
		"node_modules/semver": {
			"version": "7.3.5",
			"resolved": "https://registry.nlark.com/semver/download/semver-7.3.5.tgz?cache=0&sync_timestamp=1618847119601&other_urls=https%3A%2F%2Fregistry.nlark.com%2Fsemver%2Fdownload%2Fsemver-7.3.5.tgz",
			"integrity": "sha1-C2Ich5NI2JmOSw5L6Us/EuYBjvc=",
			"dependencies": {
				"lru-cache": "^6.0.0"
			},
			"bin": {
				"semver": "bin/semver.js"
			},
			"engines": {
				"node": ">=10"
			}
		},
		"node_modules/spdx-correct": {
			"version": "3.1.1",
			"resolved": "https://registry.npm.taobao.org/spdx-correct/download/spdx-correct-3.1.1.tgz",
			"integrity": "sha1-3s6BrJweZxPl99G28X1Gj6U9iak=",
			"dependencies": {
				"spdx-expression-parse": "^3.0.0",
				"spdx-license-ids": "^3.0.0"
			}
		},
		"node_modules/spdx-exceptions": {
			"version": "2.3.0",
			"resolved": "https://registry.nlark.com/spdx-exceptions/download/spdx-exceptions-2.3.0.tgz",
			"integrity": "sha1-PyjOGnegA3JoPq3kpDMYNSeiFj0="
		},
		"node_modules/spdx-expression-parse": {
			"version": "3.0.1",
			"resolved": "https://registry.npm.taobao.org/spdx-expression-parse/download/spdx-expression-parse-3.0.1.tgz",
			"integrity": "sha1-z3D1BILu/cmOPOCmgz5KU87rpnk=",
			"dependencies": {
				"spdx-exceptions": "^2.1.0",
				"spdx-license-ids": "^3.0.0"
			}
		},
		"node_modules/spdx-license-ids": {
			"version": "3.0.10",
			"resolved": "https://registry.nlark.com/spdx-license-ids/download/spdx-license-ids-3.0.10.tgz?cache=0&sync_timestamp=1628483278047&other_urls=https%3A%2F%2Fregistry.nlark.com%2Fspdx-license-ids%2Fdownload%2Fspdx-license-ids-3.0.10.tgz",
			"integrity": "sha1-DZvszN5wA9bGWNSH3UijLwvzAUs="
		},
		"node_modules/validate-npm-package-license": {
			"version": "3.0.4",
			"resolved": "https://registry.nlark.com/validate-npm-package-license/download/validate-npm-package-license-3.0.4.tgz",
			"integrity": "sha1-/JH2uce6FchX9MssXe/uw51PQQo=",
			"dependencies": {
				"spdx-correct": "^3.0.0",
				"spdx-expression-parse": "^3.0.0"
			}
		},
		"node_modules/validate-npm-package-name": {
			"version": "3.0.0",
			"resolved": "https://registry.nlark.com/validate-npm-package-name/download/validate-npm-package-name-3.0.0.tgz",
			"integrity": "sha1-X6kS2B630MdK/BQN5zF/DKffQ34=",
			"dependencies": {
				"builtins": "^1.0.3"
			}
		},
		"node_modules/wrappy": {
			"version": "1.0.2",
			"resolved": "https://registry.nlark.com/wrappy/download/wrappy-1.0.2.tgz?cache=0&sync_timestamp=1619133505879&other_urls=https%3A%2F%2Fregistry.nlark.com%2Fwrappy%2Fdownload%2Fwrappy-1.0.2.tgz",
			"integrity": "sha1-tSQ9jz7BqjXxNkYFvA0QNuMKtp8="
		},
		"node_modules/yallist": {
			"version": "4.0.0",
			"resolved": "https://registry.npm.taobao.org/yallist/download/yallist-4.0.0.tgz",
			"integrity": "sha1-m7knkNnA7/7GO+c1GeEaNQGaOnI="
		}
	},
	"dependencies": {
		"balanced-match": {
			"version": "1.0.2",
			"resolved": "https://registry.npm.taobao.org/balanced-match/download/balanced-match-1.0.2.tgz",
			"integrity": "sha1-6D46fj8wCzTLnYf2FfoMvzV2kO4="
		},
		"brace-expansion": {
			"version": "1.1.11",
			"resolved": "https://registry.nlark.com/brace-expansion/download/brace-expansion-1.1.11.tgz",
			"integrity": "sha1-PH/L9SnYcibz0vUrlm/1Jx60Qd0=",
			"requires": {
				"balanced-match": "^1.0.0",
				"concat-map": "0.0.1"
			}
		},
		"builtins": {
			"version": "1.0.3",
			"resolved": "https://registry.nlark.com/builtins/download/builtins-1.0.3.tgz",
			"integrity": "sha1-y5T662HIaWRR2zZTThQi+U8K7og="
		},
		"concat-map": {
			"version": "0.0.1",
			"resolved": "https://registry.nlark.com/concat-map/download/concat-map-0.0.1.tgz",
			"integrity": "sha1-2Klr13/Wjfd5OnMDajug1UBdR3s="
		},
		"dedent": {
			"version": "0.7.0",
			"resolved": "https://registry.npm.taobao.org/dedent/download/dedent-0.7.0.tgz",
			"integrity": "sha1-JJXduvbrh0q7Dhvp3yLS5aVEMmw="
		},
		"fs.realpath": {
			"version": "1.0.0",
			"resolved": "https://registry.nlark.com/fs.realpath/download/fs.realpath-1.0.0.tgz",
			"integrity": "sha1-FQStJSMVjKpA20onh8sBQRmU6k8="
		},
		"function-bind": {
			"version": "1.1.1",
			"resolved": "https://registry.npm.taobao.org/function-bind/download/function-bind-1.1.1.tgz",
			"integrity": "sha1-pWiZ0+o8m6uHS7l3O3xe3pL0iV0="
		},
		"glob": {
			"version": "7.1.7",
			"resolved": "https://registry.nlark.com/glob/download/glob-7.1.7.tgz?cache=0&other_urls=https%3A%2F%2Fregistry.nlark.com%2Fglob%2Fdownload%2Fglob-7.1.7.tgz",
			"integrity": "sha1-Oxk+kjPwHULQs/eClLvutBj5SpA=",
			"requires": {
				"fs.realpath": "^1.0.0",
				"inflight": "^1.0.4",
				"inherits": "2",
				"minimatch": "^3.0.4",
				"once": "^1.3.0",
				"path-is-absolute": "^1.0.0"
			}
		},
		"has": {
			"version": "1.0.3",
			"resolved": "https://registry.nlark.com/has/download/has-1.0.3.tgz",
			"integrity": "sha1-ci18v8H2qoJB8W3YFOAR4fQeh5Y=",
			"requires": {
				"function-bind": "^1.1.1"
			}
		},
		"hosted-git-info": {
			"version": "4.0.2",
			"resolved": "https://registry.nlark.com/hosted-git-info/download/hosted-git-info-4.0.2.tgz",
			"integrity": "sha1-XkJVB+7eT+qEa3Ji8IOEVsQgmWE=",
			"requires": {
				"lru-cache": "^6.0.0"
			}
		},
		"inflight": {
			"version": "1.0.6",
			"resolved": "https://registry.npm.taobao.org/inflight/download/inflight-1.0.6.tgz",
			"integrity": "sha1-Sb1jMdfQLQwJvJEKEHW6gWW1bfk=",
			"requires": {
				"once": "^1.3.0",
				"wrappy": "1"
			}
		},
		"inherits": {
			"version": "2.0.4",
			"resolved": "https://registry.nlark.com/inherits/download/inherits-2.0.4.tgz",
			"integrity": "sha1-D6LGT5MpF8NDOg3tVTY6rjdBa3w="
		},
		"init-package-json": {
			"version": "2.0.4",
			"resolved": "https://registry.nlark.com/init-package-json/download/init-package-json-2.0.4.tgz?cache=0&other_urls=https%3A%2F%2Fregistry.nlark.com%2Finit-package-json%2Fdownload%2Finit-package-json-2.0.4.tgz",
			"integrity": "sha1-n59mzVk05tX2RRUOFQE9OE0LkNI=",
			"requires": {
				"glob": "^7.1.1",
				"npm-package-arg": "^8.1.2",
				"promzard": "^0.3.0",
				"read": "~1.0.1",
				"read-package-json": "^4.0.0",
				"semver": "^7.3.5",
				"validate-npm-package-license": "^3.0.4",
				"validate-npm-package-name": "^3.0.0"
			}
		},
		"is-core-module": {
			"version": "2.6.0",
			"resolved": "https://registry.nlark.com/is-core-module/download/is-core-module-2.6.0.tgz?cache=0&sync_timestamp=1629224656971&other_urls=https%3A%2F%2Fregistry.nlark.com%2Fis-core-module%2Fdownload%2Fis-core-module-2.6.0.tgz",
			"integrity": "sha1-11U7JSb+Wbkro+QMjfdX7Ipwnhk=",
			"requires": {
				"has": "^1.0.3"
			}
		},
		"json-parse-even-better-errors": {
			"version": "2.3.1",
			"resolved": "https://registry.nlark.com/json-parse-even-better-errors/download/json-parse-even-better-errors-2.3.1.tgz",
			"integrity": "sha1-fEeAWpQxmSjgV3dAXcEuH3pO4C0="
		},
		"lru-cache": {
			"version": "6.0.0",
			"resolved": "https://registry.nlark.com/lru-cache/download/lru-cache-6.0.0.tgz",
			"integrity": "sha1-bW/mVw69lqr5D8rR2vo7JWbbOpQ=",
			"requires": {
				"yallist": "^4.0.0"
			}
		},
		"minimatch": {
			"version": "3.0.4",
			"resolved": "https://registry.nlark.com/minimatch/download/minimatch-3.0.4.tgz",
			"integrity": "sha1-UWbihkV/AzBgZL5Ul+jbsMPTIIM=",
			"requires": {
				"brace-expansion": "^1.1.7"
			}
		},
		"mute-stream": {
			"version": "0.0.8",
			"resolved": "https://registry.nlark.com/mute-stream/download/mute-stream-0.0.8.tgz",
			"integrity": "sha1-FjDEKyJR/4HiooPelqVJfqkuXg0="
		},
		"normalize-package-data": {
			"version": "3.0.3",
			"resolved": "https://registry.nlark.com/normalize-package-data/download/normalize-package-data-3.0.3.tgz?cache=0&sync_timestamp=1629301872905&other_urls=https%3A%2F%2Fregistry.nlark.com%2Fnormalize-package-data%2Fdownload%2Fnormalize-package-data-3.0.3.tgz",
			"integrity": "sha1-28w+LaWVCaCYNCKITNFy7v36Ul4=",
			"requires": {
				"hosted-git-info": "^4.0.1",
				"is-core-module": "^2.5.0",
				"semver": "^7.3.4",
				"validate-npm-package-license": "^3.0.1"
			}
		},
		"npm-normalize-package-bin": {
			"version": "1.0.1",
			"resolved": "https://registry.nlark.com/npm-normalize-package-bin/download/npm-normalize-package-bin-1.0.1.tgz",
			"integrity": "sha1-bnmkHyP9I1wGIyGCKNp9nCO49uI="
		},
		"npm-package-arg": {
			"version": "8.1.5",
			"resolved": "https://registry.nlark.com/npm-package-arg/download/npm-package-arg-8.1.5.tgz?cache=0&sync_timestamp=1623784505093&other_urls=https%3A%2F%2Fregistry.nlark.com%2Fnpm-package-arg%2Fdownload%2Fnpm-package-arg-8.1.5.tgz",
			"integrity": "sha1-M2my1f6P3GdLqn8XhlFN3BVGbkQ=",
			"requires": {
				"hosted-git-info": "^4.0.1",
				"semver": "^7.3.4",
				"validate-npm-package-name": "^3.0.0"
			}
		},
		"once": {
			"version": "1.4.0",
			"resolved": "https://registry.nlark.com/once/download/once-1.4.0.tgz",
			"integrity": "sha1-WDsap3WWHUsROsF9nFC6753Xa9E=",
			"requires": {
				"wrappy": "1"
			}
		},
		"path-is-absolute": {
			"version": "1.0.1",
			"resolved": "https://registry.npm.taobao.org/path-is-absolute/download/path-is-absolute-1.0.1.tgz",
			"integrity": "sha1-F0uSaHNVNP+8es5r9TpanhtcX18="
		},
		"pify": {
			"version": "5.0.0",
			"resolved": "https://registry.npm.taobao.org/pify/download/pify-5.0.0.tgz",
			"integrity": "sha1-H17KP16H6+wozG1UoOSq8ArMEn8="
		},
		"promzard": {
			"version": "0.3.0",
			"resolved": "https://registry.npm.taobao.org/promzard/download/promzard-0.3.0.tgz",
			"integrity": "sha1-JqXW7ox97kyxIggwWs+5O6OCqe4=",
			"requires": {
				"read": "1"
			}
		},
		"read": {
			"version": "1.0.7",
			"resolved": "https://registry.npm.taobao.org/read/download/read-1.0.7.tgz",
			"integrity": "sha1-s9oZvQUkMal2cdRKQmNK33ELQMQ=",
			"requires": {
				"mute-stream": "~0.0.4"
			}
		},
		"read-package-json": {
			"version": "4.0.1",
			"resolved": "https://registry.nlark.com/read-package-json/download/read-package-json-4.0.1.tgz?cache=0&sync_timestamp=1629985647356&other_urls=https%3A%2F%2Fregistry.nlark.com%2Fread-package-json%2Fdownload%2Fread-package-json-4.0.1.tgz",
			"integrity": "sha1-2oijjEEDRP7LfYQNNfJ2NehI6lQ=",
			"requires": {
				"glob": "^7.1.1",
				"json-parse-even-better-errors": "^2.3.0",
				"normalize-package-data": "^3.0.0",
				"npm-normalize-package-bin": "^1.0.0"
			}
		},
		"semver": {
			"version": "7.3.5",
			"resolved": "https://registry.nlark.com/semver/download/semver-7.3.5.tgz?cache=0&sync_timestamp=1618847119601&other_urls=https%3A%2F%2Fregistry.nlark.com%2Fsemver%2Fdownload%2Fsemver-7.3.5.tgz",
			"integrity": "sha1-C2Ich5NI2JmOSw5L6Us/EuYBjvc=",
			"requires": {
				"lru-cache": "^6.0.0"
			}
		},
		"spdx-correct": {
			"version": "3.1.1",
			"resolved": "https://registry.npm.taobao.org/spdx-correct/download/spdx-correct-3.1.1.tgz",
			"integrity": "sha1-3s6BrJweZxPl99G28X1Gj6U9iak=",
			"requires": {
				"spdx-expression-parse": "^3.0.0",
				"spdx-license-ids": "^3.0.0"
			}
		},
		"spdx-exceptions": {
			"version": "2.3.0",
			"resolved": "https://registry.nlark.com/spdx-exceptions/download/spdx-exceptions-2.3.0.tgz",
			"integrity": "sha1-PyjOGnegA3JoPq3kpDMYNSeiFj0="
		},
		"spdx-expression-parse": {
			"version": "3.0.1",
			"resolved": "https://registry.npm.taobao.org/spdx-expression-parse/download/spdx-expression-parse-3.0.1.tgz",
			"integrity": "sha1-z3D1BILu/cmOPOCmgz5KU87rpnk=",
			"requires": {
				"spdx-exceptions": "^2.1.0",
				"spdx-license-ids": "^3.0.0"
			}
		},
		"spdx-license-ids": {
			"version": "3.0.10",
			"resolved": "https://registry.nlark.com/spdx-license-ids/download/spdx-license-ids-3.0.10.tgz?cache=0&sync_timestamp=1628483278047&other_urls=https%3A%2F%2Fregistry.nlark.com%2Fspdx-license-ids%2Fdownload%2Fspdx-license-ids-3.0.10.tgz",
			"integrity": "sha1-DZvszN5wA9bGWNSH3UijLwvzAUs="
		},
		"validate-npm-package-license": {
			"version": "3.0.4",
			"resolved": "https://registry.nlark.com/validate-npm-package-license/download/validate-npm-package-license-3.0.4.tgz",
			"integrity": "sha1-/JH2uce6FchX9MssXe/uw51PQQo=",
			"requires": {
				"spdx-correct": "^3.0.0",
				"spdx-expression-parse": "^3.0.0"
			}
		},
		"validate-npm-package-name": {
			"version": "3.0.0",
			"resolved": "https://registry.nlark.com/validate-npm-package-name/download/validate-npm-package-name-3.0.0.tgz",
			"integrity": "sha1-X6kS2B630MdK/BQN5zF/DKffQ34=",
			"requires": {
				"builtins": "^1.0.3"
			}
		},
		"wrappy": {
			"version": "1.0.2",
			"resolved": "https://registry.nlark.com/wrappy/download/wrappy-1.0.2.tgz?cache=0&sync_timestamp=1619133505879&other_urls=https%3A%2F%2Fregistry.nlark.com%2Fwrappy%2Fdownload%2Fwrappy-1.0.2.tgz",
			"integrity": "sha1-tSQ9jz7BqjXxNkYFvA0QNuMKtp8="
		},
		"yallist": {
			"version": "4.0.0",
			"resolved": "https://registry.npm.taobao.org/yallist/download/yallist-4.0.0.tgz",
			"integrity": "sha1-m7knkNnA7/7GO+c1GeEaNQGaOnI="
		}
	}
}
